
Microsoft Visual Studio Solution File, Format Version 12.00
# Visual Studio 15
VisualStudioVersion = 15.0.26430.13
MinimumVisualStudioVersion = 10.0.40219.1
Project("{FAE04EC0-301F-11D3-BF4B-00C04F79EFBC}") = "DesignParttenersK19", "DesignParttenersK19\DesignParttenersK19.csproj", "{73B0BB19-9D95-4CD8-8A6D-E950E4E20820}"
EndProject
Project("{2150E333-8FDC-42A3-9474-1A3956D46DE8}") = "Solution Items", "Solution Items", "{81A48C53-EB5E-4AB7-91CF-0001F1CB935A}"
	ProjectSection(SolutionItems) = preProject
		..\..\Users\Luis_\Downloads\k19 k51 Design Patterns em Java.pdf = ..\..\Users\Luis_\Downloads\k19 k51 Design Patterns em Java.pdf
	EndProjectSection
EndProject
Global
	GlobalSection(SolutionConfigurationPlatforms) = preSolution
		Debug|Any CPU = Debug|Any CPU
		Release|Any CPU = Release|Any CPU
	EndGlobalSection
	GlobalSection(ProjectConfigurationPlatforms) = postSolution
		{73B0BB19-9D95-4CD8-8A6D-E950E4E20820}.Debug|Any CPU.ActiveCfg = Debug|Any CPU
		{73B0BB19-9D95-4CD8-8A6D-E950E4E20820}.Debug|Any CPU.Build.0 = Debug|Any CPU
		{73B0BB19-9D95-4CD8-8A6D-E950E4E20820}.Release|Any CPU.ActiveCfg = Release|Any CPU
		{73B0BB19-9D95-4CD8-8A6D-E950E4E20820}.Release|Any CPU.Build.0 = Release|Any CPU
	EndGlobalSection
	GlobalSection(SolutionProperties) = preSolution
		HideSolutionNode = FALSE
	EndGlobalSection
EndGlobal
